// !$*UTF8*$!
{
	archiveVersion = 1;
	classes = {
	};
	objectVersion = 50;
	objects = {

/* Begin PBXBuildFile section */
		00A7FEEA23E9ADEA009A835C /* AppDelegate.swift in Sources */ = {isa = PBXBuildFile; fileRef = 00A7FEE923E9ADEA009A835C /* AppDelegate.swift */; };
		00A7FEEC23E9ADEA009A835C /* SceneDelegate.swift in Sources */ = {isa = PBXBuildFile; fileRef = 00A7FEEB23E9ADEA009A835C /* SceneDelegate.swift */; };
		00A7FEEE23E9ADEA009A835C /* ViewController.swift in Sources */ = {isa = PBXBuildFile; fileRef = 00A7FEED23E9ADEA009A835C /* ViewController.swift */; };
		00A7FEF123E9ADEA009A835C /* Main.storyboard in Resources */ = {isa = PBXBuildFile; fileRef = 00A7FEEF23E9ADEA009A835C /* Main.storyboard */; };
		00A7FEF423E9ADEA009A835C /* simpleList.xcdatamodeld in Sources */ = {isa = PBXBuildFile; fileRef = 00A7FEF223E9ADEA009A835C /* simpleList.xcdatamodeld */; };
		00A7FEF623E9ADEA009A835C /* Assets.xcassets in Resources */ = {isa = PBXBuildFile; fileRef = 00A7FEF523E9ADEA009A835C /* Assets.xcassets */; };
		00A7FEF923E9ADEA009A835C /* LaunchScreen.storyboard in Resources */ = {isa = PBXBuildFile; fileRef = 00A7FEF723E9ADEA009A835C /* LaunchScreen.storyboard */; };
		00A7FF0423E9ADEA009A835C /* simpleListTests.swift in Sources */ = {isa = PBXBuildFile; fileRef = 00A7FF0323E9ADEA009A835C /* simpleListTests.swift */; };
		00A7FF0F23E9ADEA009A835C /* simpleListUITests.swift in Sources */ = {isa = PBXBuildFile; fileRef = 00A7FF0E23E9ADEA009A835C /* simpleListUITests.swift */; };
/* End PBXBuildFile section */

/* Begin PBXContainerItemProxy section */
		00A7FF0023E9ADEA009A835C /* PBXContainerItemProxy */ = {
			isa = PBXContainerItemProxy;
			containerPortal = 00A7FEDE23E9ADEA009A835C /* Project object */;
			proxyType = 1;
			remoteGlobalIDString = 00A7FEE523E9ADEA009A835C;
			remoteInfo = simpleList;
		};
		00A7FF0B23E9ADEA009A835C /* PBXContainerItemProxy */ = {
			isa = PBXContainerItemProxy;
			containerPortal = 00A7FEDE23E9ADEA009A835C /* Project object */;
			proxyType = 1;
			remoteGlobalIDString = 00A7FEE523E9ADEA009A835C;
			remoteInfo = simpleList;
		};
/* End PBXContainerItemProxy section */

/* Begin PBXFileReference section */
		00A7FEE623E9ADEA009A835C /* simpleList.app */ = {isa = PBXFileReference; explicitFileType = wrapper.application; includeInIndex = 0; path = simpleList.app; sourceTree = BUILT_PRODUCTS_DIR; };
		00A7FEE923E9ADEA009A835C /* AppDelegate.swift */ = {isa = PBXFileReference; lastKnownFileType = sourcecode.swift; path = AppDelegate.swift; sourceTree = "<group>"; };
		00A7FEEB23E9ADEA009A835C /* SceneDelegate.swift */ = {isa = PBXFileReference; lastKnownFileType = sourcecode.swift; path = SceneDelegate.swift; sourceTree = "<group>"; };
		00A7FEED23E9ADEA009A835C /* ViewController.swift */ = {isa = PBXFileReference; lastKnownFileType = sourcecode.swift; path = ViewController.swift; sourceTree = "<group>"; };
		00A7FEF023E9ADEA009A835C /* Base */ = {isa = PBXFileReference; lastKnownFileType = file.storyboard; name = Base; path = Base.lproj/Main.storyboard; sourceTree = "<group>"; };
		00A7FEF323E9ADEA009A835C /* simpleList.xcdatamodel */ = {isa = PBXFileReference; lastKnownFileType = wrapper.xcdatamodel; path = simpleList.xcdatamodel; sourceTree = "<group>"; };
		00A7FEF523E9ADEA009A835C /* Assets.xcassets */ = {isa = PBXFileReference; lastKnownFileType = folder.assetcatalog; path = Assets.xcassets; sourceTree = "<group>"; };
		00A7FEF823E9ADEA009A835C /* Base */ = {isa = PBXFileReference; lastKnownFileType = file.storyboard; name = Base; path = Base.lproj/LaunchScreen.storyboard; sourceTree = "<group>"; };
		00A7FEFA23E9ADEA009A835C /* Info.plist */ = {isa = PBXFileReference; lastKnownFileType = text.plist.xml; path = Info.plist; sourceTree = "<group>"; };
		00A7FEFF23E9ADEA009A835C /* simpleListTests.xctest */ = {isa = PBXFileReference; explicitFileType = wrapper.cfbundle; includeInIndex = 0; path = simpleListTests.xctest; sourceTree = BUILT_PRODUCTS_DIR; };
		00A7FF0323E9ADEA009A835C /* simpleListTests.swift */ = {isa = PBXFileReference; lastKnownFileType = sourcecode.swift; path = simpleListTests.swift; sourceTree = "<group>"; };
		00A7FF0523E9ADEA009A835C /* Info.plist */ = {isa = PBXFileReference; lastKnownFileType = text.plist.xml; path = Info.plist; sourceTree = "<group>"; };
		00A7FF0A23E9ADEA009A835C /* simpleListUITests.xctest */ = {isa = PBXFileReference; explicitFileType = wrapper.cfbundle; includeInIndex = 0; path = simpleListUITests.xctest; sourceTree = BUILT_PRODUCTS_DIR; };
		00A7FF0E23E9ADEA009A835C /* simpleListUITests.swift */ = {isa = PBXFileReference; lastKnownFileType = sourcecode.swift; path = simpleListUITests.swift; sourceTree = "<group>"; };
		00A7FF1023E9ADEA009A835C /* Info.plist */ = {isa = PBXFileReference; lastKnownFileType = text.plist.xml; path = Info.plist; sourceTree = "<group>"; };
/* End PBXFileReference section */

/* Begin PBXFrameworksBuildPhase section */
		00A7FEE323E9ADEA009A835C /* Frameworks */ = {
			isa = PBXFrameworksBuildPhase;
			buildActionMask = 2147483647;
			files = (
			);
			runOnlyForDeploymentPostprocessing = 0;
		};
		00A7FEFC23E9ADEA009A835C /* Frameworks */ = {
			isa = PBXFrameworksBuildPhase;
			buildActionMask = 2147483647;
			files = (
			);
			runOnlyForDeploymentPostprocessing = 0;
		};
		00A7FF0723E9ADEA009A835C /* Frameworks */ = {
			isa = PBXFrameworksBuildPhase;
			buildActionMask = 2147483647;
			files = (
			);
			runOnlyForDeploymentPostprocessing = 0;
		};
/* End PBXFrameworksBuildPhase section */

/* Begin PBXGroup section */
		00A7FEDD23E9ADEA009A835C = {
			isa = PBXGroup;
			children = (
				00A7FEE823E9ADEA009A835C /* simpleList */,
				00A7FF0223E9ADEA009A835C /* simpleListTests */,
				00A7FF0D23E9ADEA009A835C /* simpleListUITests */,
				00A7FEE723E9ADEA009A835C /* Products */,
			);
			sourceTree = "<group>";
		};
		00A7FEE723E9ADEA009A835C /* Products */ = {
			isa = PBXGroup;
			children = (
				00A7FEE623E9ADEA009A835C /* simpleList.app */,
				00A7FEFF23E9ADEA009A835C /* simpleListTests.xctest */,
				00A7FF0A23E9ADEA009A835C /* simpleListUITests.xctest */,
			);
			name = Products;
			sourceTree = "<group>";
		};
		00A7FEE823E9ADEA009A835C /* simpleList */ = {
			isa = PBXGroup;
			children = (
				00A7FEE923E9ADEA009A835C /* AppDelegate.swift */,
				00A7FEEB23E9ADEA009A835C /* SceneDelegate.swift */,
				00A7FEED23E9ADEA009A835C /* ViewController.swift */,
				00A7FEEF23E9ADEA009A835C /* Main.storyboard */,
				00A7FEF523E9ADEA009A835C /* Assets.xcassets */,
				00A7FEF723E9ADEA009A835C /* LaunchScreen.storyboard */,
				00A7FEFA23E9ADEA009A835C /* Info.plist */,
				00A7FEF223E9ADEA009A835C /* simpleList.xcdatamodeld */,
			);
			path = simpleList;
			sourceTree = "<group>";
		};
		00A7FF0223E9ADEA009A835C /* simpleListTests */ = {
			isa = PBXGroup;
			children = (
				00A7FF0323E9ADEA009A835C /* simpleListTests.swift */,
				00A7FF0523E9ADEA009A835C /* Info.plist */,
			);
			path = simpleListTests;
			sourceTree = "<group>";
		};
		00A7FF0D23E9ADEA009A835C /* simpleListUITests */ = {
			isa = PBXGroup;
			children = (
				00A7FF0E23E9ADEA009A835C /* simpleListUITests.swift */,
				00A7FF1023E9ADEA009A835C /* Info.plist */,
			);
			path = simpleListUITests;
			sourceTree = "<group>";
		};
/* End PBXGroup section */

/* Begin PBXNativeTarget section */
		00A7FEE523E9ADEA009A835C /* simpleList */ = {
			isa = PBXNativeTarget;
			buildConfigurationList = 00A7FF1323E9ADEA009A835C /* Build configuration list for PBXNativeTarget "simpleList" */;
			buildPhases = (
				00A7FEE223E9ADEA009A835C /* Sources */,
				00A7FEE323E9ADEA009A835C /* Frameworks */,
				00A7FEE423E9ADEA009A835C /* Resources */,
			);
			buildRules = (
			);
			dependencies = (
			);
			name = simpleList;
			productName = simpleList;
			productReference = 00A7FEE623E9ADEA009A835C /* simpleList.app */;
			productType = "com.apple.product-type.application";
		};
		00A7FEFE23E9ADEA009A835C /* simpleListTests */ = {
			isa = PBXNativeTarget;
			buildConfigurationList = 00A7FF1623E9ADEA009A835C /* Build configuration list for PBXNativeTarget "simpleListTests" */;
			buildPhases = (
				00A7FEFB23E9ADEA009A835C /* Sources */,
				00A7FEFC23E9ADEA009A835C /* Frameworks */,
				00A7FEFD23E9ADEA009A835C /* Resources */,
			);
			buildRules = (
			);
			dependencies = (
				00A7FF0123E9ADEA009A835C /* PBXTargetDependency */,
			);
			name = simpleListTests;
			productName = simpleListTests;
			productReference = 00A7FEFF23E9ADEA009A835C /* simpleListTests.xctest */;
			productType = "com.apple.product-type.bundle.unit-test";
		};
		00A7FF0923E9ADEA009A835C /* simpleListUITests */ = {
			isa = PBXNativeTarget;
			buildConfigurationList = 00A7FF1923E9ADEA009A835C /* Build configuration list for PBXNativeTarget "simpleListUITests" */;
			buildPhases = (
				00A7FF0623E9ADEA009A835C /* Sources */,
				00A7FF0723E9ADEA009A835C /* Frameworks */,
				00A7FF0823E9ADEA009A835C /* Resources */,
			);
			buildRules = (
			);
			dependencies = (
				00A7FF0C23E9ADEA009A835C /* PBXTargetDependency */,
			);
			name = simpleListUITests;
			productName = simpleListUITests;
			productReference = 00A7FF0A23E9ADEA009A835C /* simpleListUITests.xctest */;
			productType = "com.apple.product-type.bundle.ui-testing";
		};
/* End PBXNativeTarget section */

/* Begin PBXProject section */
		00A7FEDE23E9ADEA009A835C /* Project object */ = {
			isa = PBXProject;
			attributes = {
				LastSwiftUpdateCheck = 1130;
				LastUpgradeCheck = 1130;
				ORGANIZATIONNAME = "Baber M (FCES)";
				TargetAttributes = {
					00A7FEE523E9ADEA009A835C = {
						CreatedOnToolsVersion = 11.3;
					};
					00A7FEFE23E9ADEA009A835C = {
						CreatedOnToolsVersion = 11.3;
						TestTargetID = 00A7FEE523E9ADEA009A835C;
					};
					00A7FF0923E9ADEA009A835C = {
						CreatedOnToolsVersion = 11.3;
						TestTargetID = 00A7FEE523E9ADEA009A835C;
					};
				};
			};
			buildConfigurationList = 00A7FEE123E9ADEA009A835C /* Build configuration list for PBXProject "simpleList" */;
			compatibilityVersion = "Xcode 9.3";
			developmentRegion = en;
			hasScannedForEncodings = 0;
			knownRegions = (
				en,
				Base,
			);
			mainGroup = 00A7FEDD23E9ADEA009A835C;
			productRefGroup = 00A7FEE723E9ADEA009A835C /* Products */;
			projectDirPath = "";
			projectRoot = "";
			targets = (
				00A7FEE523E9ADEA009A835C /* simpleList */,
				00A7FEFE23E9ADEA009A835C /* simpleListTests */,
				00A7FF0923E9ADEA009A835C /* simpleListUITests */,
			);
		};
/* End PBXProject section */

/* Begin PBXResourcesBuildPhase section */
		00A7FEE423E9ADEA009A835C /* Resources */ = {
			isa = PBXResourcesBuildPhase;
			buildActionMask = 2147483647;
			files = (
				00A7FEF923E9ADEA009A835C /* LaunchScreen.storyboard in Resources */,
				00A7FEF623E9ADEA009A835C /* Assets.xcassets in Resources */,
				00A7FEF123E9ADEA009A835C /* Main.storyboard in Resources */,
			);
			runOnlyForDeploymentPostprocessing = 0;
		};
		00A7FEFD23E9ADEA009A835C /* Resources */ = {
			isa = PBXResourcesBuildPhase;
			buildActionMask = 2147483647;
			files = (
			);
			runOnlyForDeploymentPostprocessing = 0;
		};
		00A7FF0823E9ADEA009A835C /* Resources */ = {
			isa = PBXResourcesBuildPhase;
			buildActionMask = 2147483647;
			files = (
			);
			runOnlyForDeploymentPostprocessing = 0;
		};
/* End PBXResourcesBuildPhase section */

/* Begin PBXSourcesBuildPhase section */
		00A7FEE223E9ADEA009A835C /* Sources */ = {
			isa = PBXSourcesBuildPhase;
			buildActionMask = 2147483647;
			files = (
				00A7FEEE23E9ADEA009A835C /* ViewController.swift in Sources */,
				00A7FEF423E9ADEA009A835C /* simpleList.xcdatamodeld in Sources */,
				00A7FEEA23E9ADEA009A835C /* AppDelegate.swift in Sources */,
				00A7FEEC23E9ADEA009A835C /* SceneDelegate.swift in Sources */,
			);
			runOnlyForDeploymentPostprocessing = 0;
		};
		00A7FEFB23E9ADEA009A835C /* Sources */ = {
			isa = PBXSourcesBuildPhase;
			buildActionMask = 2147483647;
			files = (
				00A7FF0423E9ADEA009A835C /* simpleListTests.swift in Sources */,
			);
			runOnlyForDeploymentPostprocessing = 0;
		};
		00A7FF0623E9ADEA009A835C /* Sources */ = {
			isa = PBXSourcesBuildPhase;
			buildActionMask = 2147483647;
			files = (
				00A7FF0F23E9ADEA009A835C /* simpleListUITests.swift in Sources */,
			);
			runOnlyForDeploymentPostprocessing = 0;
		};
/* End PBXSourcesBuildPhase section */

/* Begin PBXTargetDependency section */
		00A7FF0123E9ADEA009A835C /* PBXTargetDependency */ = {
			isa = PBXTargetDependency;
			target = 00A7FEE523E9ADEA009A835C /* simpleList */;
			targetProxy = 00A7FF0023E9ADEA009A835C /* PBXContainerItemProxy */;
		};
		00A7FF0C23E9ADEA009A835C /* PBXTargetDependency */ = {
			isa = PBXTargetDependency;
			target = 00A7FEE523E9ADEA009A835C /* simpleList */;
			targetProxy = 00A7FF0B23E9ADEA009A835C /* PBXContainerItemProxy */;
		};
/* End PBXTargetDependency section */

/* Begin PBXVariantGroup section */
		00A7FEEF23E9ADEA009A835C /* Main.storyboard */ = {
			isa = PBXVariantGroup;
			children = (
				00A7FEF023E9ADEA009A835C /* Base */,
			);
			name = Main.storyboard;
			sourceTree = "<group>";
		};
		00A7FEF723E9ADEA009A835C /* LaunchScreen.storyboard */ = {
			isa = PBXVariantGroup;
			children = (
				00A7FEF823E9ADEA009A835C /* Base */,
			);
			name = LaunchScreen.storyboard;
			sourceTree = "<group>";
		};
/* End PBXVariantGroup section */

/* Begin XCBuildConfiguration section */
		00A7FF1123E9ADEA009A835C /* Debug */ = {
			isa = XCBuildConfiguration;
			buildSettings = {
				ALWAYS_SEARCH_USER_PATHS = NO;
				CLANG_ANALYZER_NONNULL = YES;
				CLANG_ANALYZER_NUMBER_OBJECT_CONVERSION = YES_AGGRESSIVE;
				CLANG_CXX_LANGUAGE_STANDARD = "gnu++14";
				CLANG_CXX_LIBRARY = "libc++";
				CLANG_ENABLE_MODULES = YES;
				CLANG_ENABLE_OBJC_ARC = YES;
				CLANG_ENABLE_OBJC_WEAK = YES;
				CLANG_WARN_BLOCK_CAPTURE_AUTORELEASING = YES;
				CLANG_WARN_BOOL_CONVERSION = YES;
				CLANG_WARN_COMMA = YES;
				CLANG_WARN_CONSTANT_CONVERSION = YES;
				CLANG_WARN_DEPRECATED_OBJC_IMPLEMENTATIONS = YES;
				CLANG_WARN_DIRECT_OBJC_ISA_USAGE = YES_ERROR;
				CLANG_WARN_DOCUMENTATION_COMMENTS = YES;
				CLANG_WARN_EMPTY_BODY = YES;
				CLANG_WARN_ENUM_CONVERSION = YES;
				CLANG_WARN_INFINITE_RECURSION = YES;
				CLANG_WARN_INT_CONVERSION = YES;
				CLANG_WARN_NON_LITERAL_NULL_CONVERSION = YES;
				CLANG_WARN_OBJC_IMPLICIT_RETAIN_SELF = YES;
				CLANG_WARN_OBJC_LITERAL_CONVERSION = YES;
				CLANG_WARN_OBJC_ROOT_CLASS = YES_ERROR;
				CLANG_WARN_RANGE_LOOP_ANALYSIS = YES;
				CLANG_WARN_STRICT_PROTOTYPES = YES;
				CLANG_WARN_SUSPICIOUS_MOVE = YES;
				CLANG_WARN_UNGUARDED_AVAILABILITY = YES_AGGRESSIVE;
				CLANG_WARN_UNREACHABLE_CODE = YES;
				CLANG_WARN__DUPLICATE_METHOD_MATCH = YES;
				COPY_PHASE_STRIP = NO;
				DEBUG_INFORMATION_FORMAT = dwarf;
				ENABLE_STRICT_OBJC_MSGSEND = YES;
				ENABLE_TESTABILITY = YES;
				GCC_C_LANGUAGE_STANDARD = gnu11;
				GCC_DYNAMIC_NO_PIC = NO;
				GCC_NO_COMMON_BLOCKS = YES;
				GCC_OPTIMIZATION_LEVEL = 0;
				GCC_PREPROCESSOR_DEFINITIONS = (
					"DEBUG=1",
					"$(inherited)",
				);
				GCC_WARN_64_TO_32_BIT_CONVERSION = YES;
				GCC_WARN_ABOUT_RETURN_TYPE = YES_ERROR;
				GCC_WARN_UNDECLARED_SELECTOR = YES;
				GCC_WARN_UNINITIALIZED_AUTOS = YES_AGGRESSIVE;
				GCC_WARN_UNUSED_FUNCTION = YES;
				GCC_WARN_UNUSED_VARIABLE = YES;
				IPHONEOS_DEPLOYMENT_TARGET = 13.2;
				MTL_ENABLE_DEBUG_INFO = INCLUDE_SOURCE;
				MTL_FAST_MATH = YES;
				ONLY_ACTIVE_ARCH = YES;
				SDKROOT = iphoneos;
				SWIFT_ACTIVE_COMPILATION_CONDITIONS = DEBUG;
				SWIFT_OPTIMIZATION_LEVEL = "-Onone";
			};
			name = Debug;
		};
		00A7FF1223E9ADEA009A835C /* Release */ = {
			isa = XCBuildConfiguration;
			buildSettings = {
				ALWAYS_SEARCH_USER_PATHS = NO;
				CLANG_ANALYZER_NONNULL = YES;
				CLANG_ANALYZER_NUMBER_OBJECT_CONVERSION = YES_AGGRESSIVE;
				CLANG_CXX_LANGUAGE_STANDARD = "gnu++14";
				CLANG_CXX_LIBRARY = "libc++";
				CLANG_ENABLE_MODULES = YES;
				CLANG_ENABLE_OBJC_ARC = YES;
				CLANG_ENABLE_OBJC_WEAK = YES;
				CLANG_WARN_BLOCK_CAPTURE_AUTORELEASING = YES;
				CLANG_WARN_BOOL_CONVERSION = YES;
				CLANG_WARN_COMMA = YES;
				CLANG_WARN_CONSTANT_CONVERSION = YES;
				CLANG_WARN_DEPRECATED_OBJC_IMPLEMENTATIONS = YES;
				CLANG_WARN_DIRECT_OBJC_ISA_USAGE = YES_ERROR;
				CLANG_WARN_DOCUMENTATION_COMMENTS = YES;
				CLANG_WARN_EMPTY_BODY = YES;
				CLANG_WARN_ENUM_CONVERSION = YES;
				CLANG_WARN_INFINITE_RECURSION = YES;
				CLANG_WARN_INT_CONVERSION = YES;
				CLANG_WARN_NON_LITERAL_NULL_CONVERSION = YES;
				CLANG_WARN_OBJC_IMPLICIT_RETAIN_SELF = YES;
				CLANG_WARN_OBJC_LITERAL_CONVERSION = YES;
				CLANG_WARN_OBJC_ROOT_CLASS = YES_ERROR;
				CLANG_WARN_RANGE_LOOP_ANALYSIS = YES;
				CLANG_WARN_STRICT_PROTOTYPES = YES;
				CLANG_WARN_SUSPICIOUS_MOVE = YES;
				CLANG_WARN_UNGUARDED_AVAILABILITY = YES_AGGRESSIVE;
				CLANG_WARN_UNREACHABLE_CODE = YES;
				CLANG_WARN__DUPLICATE_METHOD_MATCH = YES;
				COPY_PHASE_STRIP = NO;
				DEBUG_INFORMATION_FORMAT = "dwarf-with-dsym";
				ENABLE_NS_ASSERTIONS = NO;
				ENABLE_STRICT_OBJC_MSGSEND = YES;
				GCC_C_LANGUAGE_STANDARD = gnu11;
				GCC_NO_COMMON_BLOCKS = YES;
				GCC_WARN_64_TO_32_BIT_CONVERSION = YES;
				GCC_WARN_ABOUT_RETURN_TYPE = YES_ERROR;
				GCC_WARN_UNDECLARED_SELECTOR = YES;
				GCC_WARN_UNINITIALIZED_AUTOS = YES_AGGRESSIVE;
				GCC_WARN_UNUSED_FUNCTION = YES;
				GCC_WARN_UNUSED_VARIABLE = YES;
				IPHONEOS_DEPLOYMENT_TARGET = 13.2;
				MTL_ENABLE_DEBUG_INFO = NO;
				MTL_FAST_MATH = YES;
				SDKROOT = iphoneos;
				SWIFT_COMPILATION_MODE = wholemodule;
				SWIFT_OPTIMIZATION_LEVEL = "-O";
				VALIDATE_PRODUCT = YES;
			};
			name = Release;
		};
		00A7FF1423E9ADEA009A835C /* Debug */ = {
			isa = XCBuildConfiguration;
			buildSettings = {
				ASSETCATALOG_COMPILER_APPICON_NAME = AppIcon;
				CODE_SIGN_STYLE = Automatic;
				INFOPLIST_FILE = simpleList/Info.plist;
				LD_RUNPATH_SEARCH_PATHS = (
					"$(inherited)",
					"@executable_path/Frameworks",
				);
				PRODUCT_BUNDLE_IDENTIFIER = Mjb.simpleList;
				PRODUCT_NAME = "$(TARGET_NAME)";
				SWIFT_VERSION = 5.0;
				TARGETED_DEVICE_FAMILY = "1,2";
			};
			name = Debug;
		};
		00A7FF1523E9ADEA009A835C /* Release */ = {
			isa = XCBuildConfiguration;
			buildSettings = {
				ASSETCATALOG_COMPILER_APPICON_NAME = AppIcon;
				CODE_SIGN_STYLE = Automatic;
				INFOPLIST_FILE = simpleList/Info.plist;
				LD_RUNPATH_SEARCH_PATHS = (
					"$(inherited)",
					"@executable_path/Frameworks",
				);
				PRODUCT_BUNDLE_IDENTIFIER = Mjb.simpleList;
				PRODUCT_NAME = "$(TARGET_NAME)";
				SWIFT_VERSION = 5.0;
				TARGETED_DEVICE_FAMILY = "1,2";
			};
			name = Release;
		};
		00A7FF1723E9ADEA009A835C /* Debug */ = {
			isa = XCBuildConfiguration;
			buildSettings = {
				ALWAYS_EMBED_SWIFT_STANDARD_LIBRARIES = YES;
				BUNDLE_LOADER = "$(TEST_HOST)";
				CODE_SIGN_STYLE = Automatic;
				INFOPLIST_FILE = simpleListTests/Info.plist;
				IPHONEOS_DEPLOYMENT_TARGET = 13.2;
				LD_RUNPATH_SEARCH_PATHS = (
					"$(inherited)",
					"@executable_path/Frameworks",
					"@loader_path/Frameworks",
				);
				PRODUCT_BUNDLE_IDENTIFIER = Mjb.simpleListTests;
				PRODUCT_NAME = "$(TARGET_NAME)";
				SWIFT_VERSION = 5.0;
				TARGETED_DEVICE_FAMILY = "1,2";
				TEST_HOST = "$(BUILT_PRODUCTS_DIR)/simpleList.app/simpleList";
			};
			name = Debug;
		};
		00A7FF1823E9ADEA009A835C /* Release */ = {
			isa = XCBuildConfiguration;
			buildSettings = {
				ALWAYS_EMBED_SWIFT_STANDARD_LIBRARIES = YES;
				BUNDLE_LOADER = "$(TEST_HOST)";
				CODE_SIGN_STYLE = Automatic;
				INFOPLIST_FILE = simpleListTests/Info.plist;
				IPHONEOS_DEPLOYMENT_TARGET = 13.2;
				LD_RUNPATH_SEARCH_PATHS = (
					"$(inherited)",
					"@executable_path/Frameworks",
					"@loader_path/Frameworks",
				);
				PRODUCT_BUNDLE_IDENTIFIER = Mjb.simpleListTests;
				PRODUCT_NAME = "$(TARGET_NAME)";
				SWIFT_VERSION = 5.0;
				TARGETED_DEVICE_FAMILY = "1,2";
				TEST_HOST = "$(BUILT_PRODUCTS_DIR)/simpleList.app/simpleList";
			};
			name = Release;
		};
		00A7FF1A23E9ADEA009A835C /* Debug */ = {
			isa = XCBuildConfiguration;
			buildSettings = {
				ALWAYS_EMBED_SWIFT_STANDARD_LIBRARIES = YES;
				CODE_SIGN_STYLE = Automatic;
				INFOPLIST_FILE = simpleListUITests/Info.plist;
				LD_RUNPATH_SEARCH_PATHS = (
					"$(inherited)",
					"@executable_path/Frameworks",
					"@loader_path/Frameworks",
				);
				PRODUCT_BUNDLE_IDENTIFIER = Mjb.simpleListUITests;
				PRODUCT_NAME = "$(TARGET_NAME)";
				SWIFT_VERSION = 5.0;
				TARGETED_DEVICE_FAMILY = "1,2";
				TEST_TARGET_NAME = simpleList;
			};
			name = Debug;
		};
		00A7FF1B23E9ADEA009A835C /* Release */ = {
			isa = XCBuildConfiguration;
			buildSettings = {
				ALWAYS_EMBED_SWIFT_STANDARD_LIBRARIES = YES;
				CODE_SIGN_STYLE = Automatic;
				INFOPLIST_FILE = simpleListUITests/Info.plist;
				LD_RUNPATH_SEARCH_PATHS = (
					"$(inherited)",
					"@executable_path/Frameworks",
					"@loader_path/Frameworks",
				);
				PRODUCT_BUNDLE_IDENTIFIER = Mjb.simpleListUITests;
				PRODUCT_NAME = "$(TARGET_NAME)";
				SWIFT_VERSION = 5.0;
				TARGETED_DEVICE_FAMILY = "1,2";
				TEST_TARGET_NAME = simpleList;
			};
			name = Release;
		};
/* End XCBuildConfiguration section */

/* Begin XCConfigurationList section */
		00A7FEE123E9ADEA009A835C /* Build configuration list for PBXProject "simpleList" */ = {
			isa = XCConfigurationList;
			buildConfigurations = (
				00A7FF1123E9ADEA009A835C /* Debug */,
				00A7FF1223E9ADEA009A835C /* Release */,
			);
			defaultConfigurationIsVisible = 0;
			defaultConfigurationName = Release;
		};
		00A7FF1323E9ADEA009A835C /* Build configuration list for PBXNativeTarget "simpleList" */ = {
			isa = XCConfigurationList;
			buildConfigurations = (
				00A7FF1423E9ADEA009A835C /* Debug */,
				00A7FF1523E9ADEA009A835C /* Release */,
			);
			defaultConfigurationIsVisible = 0;
			defaultConfigurationName = Release;
		};
		00A7FF1623E9ADEA009A835C /* Build configuration list for PBXNativeTarget "simpleListTests" */ = {
			isa = XCConfigurationList;
			buildConfigurations = (
				00A7FF1723E9ADEA009A835C /* Debug */,
				00A7FF1823E9ADEA009A835C /* Release */,
			);
			defaultConfigurationIsVisible = 0;
			defaultConfigurationName = Release;
		};
		00A7FF1923E9ADEA009A835C /* Build configuration list for PBXNativeTarget "simpleListUITests" */ = {
			isa = XCConfigurationList;
			buildConfigurations = (
				00A7FF1A23E9ADEA009A835C /* Debug */,
				00A7FF1B23E9ADEA009A835C /* Release */,
			);
			defaultConfigurationIsVisible = 0;
			defaultConfigurationName = Release;
		};
/* End XCConfigurationList section */

/* Begin XCVersionGroup section */
		00A7FEF223E9ADEA009A835C /* simpleList.xcdatamodeld */ = {
			isa = XCVersionGroup;
			children = (
				00A7FEF323E9ADEA009A835C /* simpleList.xcdatamodel */,
			);
			currentVersion = 00A7FEF323E9ADEA009A835C /* simpleList.xcdatamodel */;
			path = simpleList.xcdatamodeld;
			sourceTree = "<group>";
			versionGroupType = wrapper.xcdatamodel;
		};
/* End XCVersionGroup section */
	};
	rootObject = 00A7FEDE23E9ADEA009A835C /* Project object */;
}
