// !$*UTF8*$!
{
	archiveVersion = 1;
	classes = {
	};
	objectVersion = 50;
	objects = {

/* Begin PBXBuildFile section */
		5423EAF923E069200056AE8B /* AppDelegate.swift in Sources */ = {isa = PBXBuildFile; fileRef = 5423EAF823E069200056AE8B /* AppDelegate.swift */; };
		5423EAFB23E069200056AE8B /* SceneDelegate.swift in Sources */ = {isa = PBXBuildFile; fileRef = 5423EAFA23E069200056AE8B /* SceneDelegate.swift */; };
		5423EAFD23E069200056AE8B /* ViewController.swift in Sources */ = {isa = PBXBuildFile; fileRef = 5423EAFC23E069200056AE8B /* ViewController.swift */; };
		5423EB0023E069200056AE8B /* Main.storyboard in Resources */ = {isa = PBXBuildFile; fileRef = 5423EAFE23E069200056AE8B /* Main.storyboard */; };
		5423EB0323E069200056AE8B /* Tutorial_3.xcdatamodeld in Sources */ = {isa = PBXBuildFile; fileRef = 5423EB0123E069200056AE8B /* Tutorial_3.xcdatamodeld */; };
		5423EB0523E069210056AE8B /* Assets.xcassets in Resources */ = {isa = PBXBuildFile; fileRef = 5423EB0423E069210056AE8B /* Assets.xcassets */; };
		5423EB0823E069210056AE8B /* LaunchScreen.storyboard in Resources */ = {isa = PBXBuildFile; fileRef = 5423EB0623E069210056AE8B /* LaunchScreen.storyboard */; };
		5423EB1323E069210056AE8B /* Tutorial_3Tests.swift in Sources */ = {isa = PBXBuildFile; fileRef = 5423EB1223E069210056AE8B /* Tutorial_3Tests.swift */; };
		5423EB1E23E069210056AE8B /* Tutorial_3UITests.swift in Sources */ = {isa = PBXBuildFile; fileRef = 5423EB1D23E069210056AE8B /* Tutorial_3UITests.swift */; };
		5423EB3023E071210056AE8B /* Scene2.swift in Sources */ = {isa = PBXBuildFile; fileRef = 5423EB2F23E071210056AE8B /* Scene2.swift */; };
/* End PBXBuildFile section */

/* Begin PBXContainerItemProxy section */
		5423EB0F23E069210056AE8B /* PBXContainerItemProxy */ = {
			isa = PBXContainerItemProxy;
			containerPortal = 5423EAED23E069200056AE8B /* Project object */;
			proxyType = 1;
			remoteGlobalIDString = 5423EAF423E069200056AE8B;
			remoteInfo = "Tutorial 3";
		};
		5423EB1A23E069210056AE8B /* PBXContainerItemProxy */ = {
			isa = PBXContainerItemProxy;
			containerPortal = 5423EAED23E069200056AE8B /* Project object */;
			proxyType = 1;
			remoteGlobalIDString = 5423EAF423E069200056AE8B;
			remoteInfo = "Tutorial 3";
		};
/* End PBXContainerItemProxy section */

/* Begin PBXFileReference section */
		5423EAF523E069200056AE8B /* Tutorial 3.app */ = {isa = PBXFileReference; explicitFileType = wrapper.application; includeInIndex = 0; path = "Tutorial 3.app"; sourceTree = BUILT_PRODUCTS_DIR; };
		5423EAF823E069200056AE8B /* AppDelegate.swift */ = {isa = PBXFileReference; lastKnownFileType = sourcecode.swift; path = AppDelegate.swift; sourceTree = "<group>"; };
		5423EAFA23E069200056AE8B /* SceneDelegate.swift */ = {isa = PBXFileReference; lastKnownFileType = sourcecode.swift; path = SceneDelegate.swift; sourceTree = "<group>"; };
		5423EAFC23E069200056AE8B /* ViewController.swift */ = {isa = PBXFileReference; lastKnownFileType = sourcecode.swift; path = ViewController.swift; sourceTree = "<group>"; };
		5423EAFF23E069200056AE8B /* Base */ = {isa = PBXFileReference; lastKnownFileType = file.storyboard; name = Base; path = Base.lproj/Main.storyboard; sourceTree = "<group>"; };
		5423EB0223E069200056AE8B /* Tutorial_3.xcdatamodel */ = {isa = PBXFileReference; lastKnownFileType = wrapper.xcdatamodel; path = Tutorial_3.xcdatamodel; sourceTree = "<group>"; };
		5423EB0423E069210056AE8B /* Assets.xcassets */ = {isa = PBXFileReference; lastKnownFileType = folder.assetcatalog; path = Assets.xcassets; sourceTree = "<group>"; };
		5423EB0723E069210056AE8B /* Base */ = {isa = PBXFileReference; lastKnownFileType = file.storyboard; name = Base; path = Base.lproj/LaunchScreen.storyboard; sourceTree = "<group>"; };
		5423EB0923E069210056AE8B /* Info.plist */ = {isa = PBXFileReference; lastKnownFileType = text.plist.xml; path = Info.plist; sourceTree = "<group>"; };
		5423EB0E23E069210056AE8B /* Tutorial 3Tests.xctest */ = {isa = PBXFileReference; explicitFileType = wrapper.cfbundle; includeInIndex = 0; path = "Tutorial 3Tests.xctest"; sourceTree = BUILT_PRODUCTS_DIR; };
		5423EB1223E069210056AE8B /* Tutorial_3Tests.swift */ = {isa = PBXFileReference; lastKnownFileType = sourcecode.swift; path = Tutorial_3Tests.swift; sourceTree = "<group>"; };
		5423EB1423E069210056AE8B /* Info.plist */ = {isa = PBXFileReference; lastKnownFileType = text.plist.xml; path = Info.plist; sourceTree = "<group>"; };
		5423EB1923E069210056AE8B /* Tutorial 3UITests.xctest */ = {isa = PBXFileReference; explicitFileType = wrapper.cfbundle; includeInIndex = 0; path = "Tutorial 3UITests.xctest"; sourceTree = BUILT_PRODUCTS_DIR; };
		5423EB1D23E069210056AE8B /* Tutorial_3UITests.swift */ = {isa = PBXFileReference; lastKnownFileType = sourcecode.swift; path = Tutorial_3UITests.swift; sourceTree = "<group>"; };
		5423EB1F23E069210056AE8B /* Info.plist */ = {isa = PBXFileReference; lastKnownFileType = text.plist.xml; path = Info.plist; sourceTree = "<group>"; };
		5423EB2F23E071210056AE8B /* Scene2.swift */ = {isa = PBXFileReference; lastKnownFileType = sourcecode.swift; path = Scene2.swift; sourceTree = "<group>"; };
/* End PBXFileReference section */

/* Begin PBXFrameworksBuildPhase section */
		5423EAF223E069200056AE8B /* Frameworks */ = {
			isa = PBXFrameworksBuildPhase;
			buildActionMask = 2147483647;
			files = (
			);
			runOnlyForDeploymentPostprocessing = 0;
		};
		5423EB0B23E069210056AE8B /* Frameworks */ = {
			isa = PBXFrameworksBuildPhase;
			buildActionMask = 2147483647;
			files = (
			);
			runOnlyForDeploymentPostprocessing = 0;
		};
		5423EB1623E069210056AE8B /* Frameworks */ = {
			isa = PBXFrameworksBuildPhase;
			buildActionMask = 2147483647;
			files = (
			);
			runOnlyForDeploymentPostprocessing = 0;
		};
/* End PBXFrameworksBuildPhase section */

/* Begin PBXGroup section */
		5423EAEC23E069200056AE8B = {
			isa = PBXGroup;
			children = (
				5423EAF723E069200056AE8B /* Tutorial 3 */,
				5423EB1123E069210056AE8B /* Tutorial 3Tests */,
				5423EB1C23E069210056AE8B /* Tutorial 3UITests */,
				5423EAF623E069200056AE8B /* Products */,
			);
			sourceTree = "<group>";
		};
		5423EAF623E069200056AE8B /* Products */ = {
			isa = PBXGroup;
			children = (
				5423EAF523E069200056AE8B /* Tutorial 3.app */,
				5423EB0E23E069210056AE8B /* Tutorial 3Tests.xctest */,
				5423EB1923E069210056AE8B /* Tutorial 3UITests.xctest */,
			);
			name = Products;
			sourceTree = "<group>";
		};
		5423EAF723E069200056AE8B /* Tutorial 3 */ = {
			isa = PBXGroup;
			children = (
				5423EAF823E069200056AE8B /* AppDelegate.swift */,
				5423EAFA23E069200056AE8B /* SceneDelegate.swift */,
				5423EAFC23E069200056AE8B /* ViewController.swift */,
				5423EAFE23E069200056AE8B /* Main.storyboard */,
				5423EB0423E069210056AE8B /* Assets.xcassets */,
				5423EB0623E069210056AE8B /* LaunchScreen.storyboard */,
				5423EB0923E069210056AE8B /* Info.plist */,
				5423EB0123E069200056AE8B /* Tutorial_3.xcdatamodeld */,
				5423EB2F23E071210056AE8B /* Scene2.swift */,
			);
			path = "Tutorial 3";
			sourceTree = "<group>";
		};
		5423EB1123E069210056AE8B /* Tutorial 3Tests */ = {
			isa = PBXGroup;
			children = (
				5423EB1223E069210056AE8B /* Tutorial_3Tests.swift */,
				5423EB1423E069210056AE8B /* Info.plist */,
			);
			path = "Tutorial 3Tests";
			sourceTree = "<group>";
		};
		5423EB1C23E069210056AE8B /* Tutorial 3UITests */ = {
			isa = PBXGroup;
			children = (
				5423EB1D23E069210056AE8B /* Tutorial_3UITests.swift */,
				5423EB1F23E069210056AE8B /* Info.plist */,
			);
			path = "Tutorial 3UITests";
			sourceTree = "<group>";
		};
/* End PBXGroup section */

/* Begin PBXNativeTarget section */
		5423EAF423E069200056AE8B /* Tutorial 3 */ = {
			isa = PBXNativeTarget;
			buildConfigurationList = 5423EB2223E069210056AE8B /* Build configuration list for PBXNativeTarget "Tutorial 3" */;
			buildPhases = (
				5423EAF123E069200056AE8B /* Sources */,
				5423EAF223E069200056AE8B /* Frameworks */,
				5423EAF323E069200056AE8B /* Resources */,
			);
			buildRules = (
			);
			dependencies = (
			);
			name = "Tutorial 3";
			productName = "Tutorial 3";
			productReference = 5423EAF523E069200056AE8B /* Tutorial 3.app */;
			productType = "com.apple.product-type.application";
		};
		5423EB0D23E069210056AE8B /* Tutorial 3Tests */ = {
			isa = PBXNativeTarget;
			buildConfigurationList = 5423EB2523E069210056AE8B /* Build configuration list for PBXNativeTarget "Tutorial 3Tests" */;
			buildPhases = (
				5423EB0A23E069210056AE8B /* Sources */,
				5423EB0B23E069210056AE8B /* Frameworks */,
				5423EB0C23E069210056AE8B /* Resources */,
			);
			buildRules = (
			);
			dependencies = (
				5423EB1023E069210056AE8B /* PBXTargetDependency */,
			);
			name = "Tutorial 3Tests";
			productName = "Tutorial 3Tests";
			productReference = 5423EB0E23E069210056AE8B /* Tutorial 3Tests.xctest */;
			productType = "com.apple.product-type.bundle.unit-test";
		};
		5423EB1823E069210056AE8B /* Tutorial 3UITests */ = {
			isa = PBXNativeTarget;
			buildConfigurationList = 5423EB2823E069210056AE8B /* Build configuration list for PBXNativeTarget "Tutorial 3UITests" */;
			buildPhases = (
				5423EB1523E069210056AE8B /* Sources */,
				5423EB1623E069210056AE8B /* Frameworks */,
				5423EB1723E069210056AE8B /* Resources */,
			);
			buildRules = (
			);
			dependencies = (
				5423EB1B23E069210056AE8B /* PBXTargetDependency */,
			);
			name = "Tutorial 3UITests";
			productName = "Tutorial 3UITests";
			productReference = 5423EB1923E069210056AE8B /* Tutorial 3UITests.xctest */;
			productType = "com.apple.product-type.bundle.ui-testing";
		};
/* End PBXNativeTarget section */

/* Begin PBXProject section */
		5423EAED23E069200056AE8B /* Project object */ = {
			isa = PBXProject;
			attributes = {
				LastSwiftUpdateCheck = 1130;
				LastUpgradeCheck = 1130;
				ORGANIZATIONNAME = "Rossaye K (FCES)";
				TargetAttributes = {
					5423EAF423E069200056AE8B = {
						CreatedOnToolsVersion = 11.3;
					};
					5423EB0D23E069210056AE8B = {
						CreatedOnToolsVersion = 11.3;
						TestTargetID = 5423EAF423E069200056AE8B;
					};
					5423EB1823E069210056AE8B = {
						CreatedOnToolsVersion = 11.3;
						TestTargetID = 5423EAF423E069200056AE8B;
					};
				};
			};
			buildConfigurationList = 5423EAF023E069200056AE8B /* Build configuration list for PBXProject "Tutorial 3" */;
			compatibilityVersion = "Xcode 9.3";
			developmentRegion = en;
			hasScannedForEncodings = 0;
			knownRegions = (
				en,
				Base,
			);
			mainGroup = 5423EAEC23E069200056AE8B;
			productRefGroup = 5423EAF623E069200056AE8B /* Products */;
			projectDirPath = "";
			projectRoot = "";
			targets = (
				5423EAF423E069200056AE8B /* Tutorial 3 */,
				5423EB0D23E069210056AE8B /* Tutorial 3Tests */,
				5423EB1823E069210056AE8B /* Tutorial 3UITests */,
			);
		};
/* End PBXProject section */

/* Begin PBXResourcesBuildPhase section */
		5423EAF323E069200056AE8B /* Resources */ = {
			isa = PBXResourcesBuildPhase;
			buildActionMask = 2147483647;
			files = (
				5423EB0823E069210056AE8B /* LaunchScreen.storyboard in Resources */,
				5423EB0523E069210056AE8B /* Assets.xcassets in Resources */,
				5423EB0023E069200056AE8B /* Main.storyboard in Resources */,
			);
			runOnlyForDeploymentPostprocessing = 0;
		};
		5423EB0C23E069210056AE8B /* Resources */ = {
			isa = PBXResourcesBuildPhase;
			buildActionMask = 2147483647;
			files = (
			);
			runOnlyForDeploymentPostprocessing = 0;
		};
		5423EB1723E069210056AE8B /* Resources */ = {
			isa = PBXResourcesBuildPhase;
			buildActionMask = 2147483647;
			files = (
			);
			runOnlyForDeploymentPostprocessing = 0;
		};
/* End PBXResourcesBuildPhase section */

/* Begin PBXSourcesBuildPhase section */
		5423EAF123E069200056AE8B /* Sources */ = {
			isa = PBXSourcesBuildPhase;
			buildActionMask = 2147483647;
			files = (
				5423EAFD23E069200056AE8B /* ViewController.swift in Sources */,
				5423EB0323E069200056AE8B /* Tutorial_3.xcdatamodeld in Sources */,
				5423EB3023E071210056AE8B /* Scene2.swift in Sources */,
				5423EAF923E069200056AE8B /* AppDelegate.swift in Sources */,
				5423EAFB23E069200056AE8B /* SceneDelegate.swift in Sources */,
			);
			runOnlyForDeploymentPostprocessing = 0;
		};
		5423EB0A23E069210056AE8B /* Sources */ = {
			isa = PBXSourcesBuildPhase;
			buildActionMask = 2147483647;
			files = (
				5423EB1323E069210056AE8B /* Tutorial_3Tests.swift in Sources */,
			);
			runOnlyForDeploymentPostprocessing = 0;
		};
		5423EB1523E069210056AE8B /* Sources */ = {
			isa = PBXSourcesBuildPhase;
			buildActionMask = 2147483647;
			files = (
				5423EB1E23E069210056AE8B /* Tutorial_3UITests.swift in Sources */,
			);
			runOnlyForDeploymentPostprocessing = 0;
		};
/* End PBXSourcesBuildPhase section */

/* Begin PBXTargetDependency section */
		5423EB1023E069210056AE8B /* PBXTargetDependency */ = {
			isa = PBXTargetDependency;
			target = 5423EAF423E069200056AE8B /* Tutorial 3 */;
			targetProxy = 5423EB0F23E069210056AE8B /* PBXContainerItemProxy */;
		};
		5423EB1B23E069210056AE8B /* PBXTargetDependency */ = {
			isa = PBXTargetDependency;
			target = 5423EAF423E069200056AE8B /* Tutorial 3 */;
			targetProxy = 5423EB1A23E069210056AE8B /* PBXContainerItemProxy */;
		};
/* End PBXTargetDependency section */

/* Begin PBXVariantGroup section */
		5423EAFE23E069200056AE8B /* Main.storyboard */ = {
			isa = PBXVariantGroup;
			children = (
				5423EAFF23E069200056AE8B /* Base */,
			);
			name = Main.storyboard;
			sourceTree = "<group>";
		};
		5423EB0623E069210056AE8B /* LaunchScreen.storyboard */ = {
			isa = PBXVariantGroup;
			children = (
				5423EB0723E069210056AE8B /* Base */,
			);
			name = LaunchScreen.storyboard;
			sourceTree = "<group>";
		};
/* End PBXVariantGroup section */

/* Begin XCBuildConfiguration section */
		5423EB2023E069210056AE8B /* Debug */ = {
			isa = XCBuildConfiguration;
			buildSettings = {
				ALWAYS_SEARCH_USER_PATHS = NO;
				CLANG_ANALYZER_NONNULL = YES;
				CLANG_ANALYZER_NUMBER_OBJECT_CONVERSION = YES_AGGRESSIVE;
				CLANG_CXX_LANGUAGE_STANDARD = "gnu++14";
				CLANG_CXX_LIBRARY = "libc++";
				CLANG_ENABLE_MODULES = YES;
				CLANG_ENABLE_OBJC_ARC = YES;
				CLANG_ENABLE_OBJC_WEAK = YES;
				CLANG_WARN_BLOCK_CAPTURE_AUTORELEASING = YES;
				CLANG_WARN_BOOL_CONVERSION = YES;
				CLANG_WARN_COMMA = YES;
				CLANG_WARN_CONSTANT_CONVERSION = YES;
				CLANG_WARN_DEPRECATED_OBJC_IMPLEMENTATIONS = YES;
				CLANG_WARN_DIRECT_OBJC_ISA_USAGE = YES_ERROR;
				CLANG_WARN_DOCUMENTATION_COMMENTS = YES;
				CLANG_WARN_EMPTY_BODY = YES;
				CLANG_WARN_ENUM_CONVERSION = YES;
				CLANG_WARN_INFINITE_RECURSION = YES;
				CLANG_WARN_INT_CONVERSION = YES;
				CLANG_WARN_NON_LITERAL_NULL_CONVERSION = YES;
				CLANG_WARN_OBJC_IMPLICIT_RETAIN_SELF = YES;
				CLANG_WARN_OBJC_LITERAL_CONVERSION = YES;
				CLANG_WARN_OBJC_ROOT_CLASS = YES_ERROR;
				CLANG_WARN_RANGE_LOOP_ANALYSIS = YES;
				CLANG_WARN_STRICT_PROTOTYPES = YES;
				CLANG_WARN_SUSPICIOUS_MOVE = YES;
				CLANG_WARN_UNGUARDED_AVAILABILITY = YES_AGGRESSIVE;
				CLANG_WARN_UNREACHABLE_CODE = YES;
				CLANG_WARN__DUPLICATE_METHOD_MATCH = YES;
				COPY_PHASE_STRIP = NO;
				DEBUG_INFORMATION_FORMAT = dwarf;
				ENABLE_STRICT_OBJC_MSGSEND = YES;
				ENABLE_TESTABILITY = YES;
				GCC_C_LANGUAGE_STANDARD = gnu11;
				GCC_DYNAMIC_NO_PIC = NO;
				GCC_NO_COMMON_BLOCKS = YES;
				GCC_OPTIMIZATION_LEVEL = 0;
				GCC_PREPROCESSOR_DEFINITIONS = (
					"DEBUG=1",
					"$(inherited)",
				);
				GCC_WARN_64_TO_32_BIT_CONVERSION = YES;
				GCC_WARN_ABOUT_RETURN_TYPE = YES_ERROR;
				GCC_WARN_UNDECLARED_SELECTOR = YES;
				GCC_WARN_UNINITIALIZED_AUTOS = YES_AGGRESSIVE;
				GCC_WARN_UNUSED_FUNCTION = YES;
				GCC_WARN_UNUSED_VARIABLE = YES;
				IPHONEOS_DEPLOYMENT_TARGET = 13.2;
				MTL_ENABLE_DEBUG_INFO = INCLUDE_SOURCE;
				MTL_FAST_MATH = YES;
				ONLY_ACTIVE_ARCH = YES;
				SDKROOT = iphoneos;
				SWIFT_ACTIVE_COMPILATION_CONDITIONS = DEBUG;
				SWIFT_OPTIMIZATION_LEVEL = "-Onone";
			};
			name = Debug;
		};
		5423EB2123E069210056AE8B /* Release */ = {
			isa = XCBuildConfiguration;
			buildSettings = {
				ALWAYS_SEARCH_USER_PATHS = NO;
				CLANG_ANALYZER_NONNULL = YES;
				CLANG_ANALYZER_NUMBER_OBJECT_CONVERSION = YES_AGGRESSIVE;
				CLANG_CXX_LANGUAGE_STANDARD = "gnu++14";
				CLANG_CXX_LIBRARY = "libc++";
				CLANG_ENABLE_MODULES = YES;
				CLANG_ENABLE_OBJC_ARC = YES;
				CLANG_ENABLE_OBJC_WEAK = YES;
				CLANG_WARN_BLOCK_CAPTURE_AUTORELEASING = YES;
				CLANG_WARN_BOOL_CONVERSION = YES;
				CLANG_WARN_COMMA = YES;
				CLANG_WARN_CONSTANT_CONVERSION = YES;
				CLANG_WARN_DEPRECATED_OBJC_IMPLEMENTATIONS = YES;
				CLANG_WARN_DIRECT_OBJC_ISA_USAGE = YES_ERROR;
				CLANG_WARN_DOCUMENTATION_COMMENTS = YES;
				CLANG_WARN_EMPTY_BODY = YES;
				CLANG_WARN_ENUM_CONVERSION = YES;
				CLANG_WARN_INFINITE_RECURSION = YES;
				CLANG_WARN_INT_CONVERSION = YES;
				CLANG_WARN_NON_LITERAL_NULL_CONVERSION = YES;
				CLANG_WARN_OBJC_IMPLICIT_RETAIN_SELF = YES;
				CLANG_WARN_OBJC_LITERAL_CONVERSION = YES;
				CLANG_WARN_OBJC_ROOT_CLASS = YES_ERROR;
				CLANG_WARN_RANGE_LOOP_ANALYSIS = YES;
				CLANG_WARN_STRICT_PROTOTYPES = YES;
				CLANG_WARN_SUSPICIOUS_MOVE = YES;
				CLANG_WARN_UNGUARDED_AVAILABILITY = YES_AGGRESSIVE;
				CLANG_WARN_UNREACHABLE_CODE = YES;
				CLANG_WARN__DUPLICATE_METHOD_MATCH = YES;
				COPY_PHASE_STRIP = NO;
				DEBUG_INFORMATION_FORMAT = "dwarf-with-dsym";
				ENABLE_NS_ASSERTIONS = NO;
				ENABLE_STRICT_OBJC_MSGSEND = YES;
				GCC_C_LANGUAGE_STANDARD = gnu11;
				GCC_NO_COMMON_BLOCKS = YES;
				GCC_WARN_64_TO_32_BIT_CONVERSION = YES;
				GCC_WARN_ABOUT_RETURN_TYPE = YES_ERROR;
				GCC_WARN_UNDECLARED_SELECTOR = YES;
				GCC_WARN_UNINITIALIZED_AUTOS = YES_AGGRESSIVE;
				GCC_WARN_UNUSED_FUNCTION = YES;
				GCC_WARN_UNUSED_VARIABLE = YES;
				IPHONEOS_DEPLOYMENT_TARGET = 13.2;
				MTL_ENABLE_DEBUG_INFO = NO;
				MTL_FAST_MATH = YES;
				SDKROOT = iphoneos;
				SWIFT_COMPILATION_MODE = wholemodule;
				SWIFT_OPTIMIZATION_LEVEL = "-O";
				VALIDATE_PRODUCT = YES;
			};
			name = Release;
		};
		5423EB2323E069210056AE8B /* Debug */ = {
			isa = XCBuildConfiguration;
			buildSettings = {
				ASSETCATALOG_COMPILER_APPICON_NAME = AppIcon;
				CODE_SIGN_STYLE = Automatic;
				INFOPLIST_FILE = "Tutorial 3/Info.plist";
				LD_RUNPATH_SEARCH_PATHS = (
					"$(inherited)",
					"@executable_path/Frameworks",
				);
				PRODUCT_BUNDLE_IDENTIFIER = "uni.Tutorial-3";
				PRODUCT_NAME = "$(TARGET_NAME)";
				SWIFT_VERSION = 5.0;
				TARGETED_DEVICE_FAMILY = "1,2";
			};
			name = Debug;
		};
		5423EB2423E069210056AE8B /* Release */ = {
			isa = XCBuildConfiguration;
			buildSettings = {
				ASSETCATALOG_COMPILER_APPICON_NAME = AppIcon;
				CODE_SIGN_STYLE = Automatic;
				INFOPLIST_FILE = "Tutorial 3/Info.plist";
				LD_RUNPATH_SEARCH_PATHS = (
					"$(inherited)",
					"@executable_path/Frameworks",
				);
				PRODUCT_BUNDLE_IDENTIFIER = "uni.Tutorial-3";
				PRODUCT_NAME = "$(TARGET_NAME)";
				SWIFT_VERSION = 5.0;
				TARGETED_DEVICE_FAMILY = "1,2";
			};
			name = Release;
		};
		5423EB2623E069210056AE8B /* Debug */ = {
			isa = XCBuildConfiguration;
			buildSettings = {
				ALWAYS_EMBED_SWIFT_STANDARD_LIBRARIES = YES;
				BUNDLE_LOADER = "$(TEST_HOST)";
				CODE_SIGN_STYLE = Automatic;
				INFOPLIST_FILE = "Tutorial 3Tests/Info.plist";
				IPHONEOS_DEPLOYMENT_TARGET = 13.2;
				LD_RUNPATH_SEARCH_PATHS = (
					"$(inherited)",
					"@executable_path/Frameworks",
					"@loader_path/Frameworks",
				);
				PRODUCT_BUNDLE_IDENTIFIER = "uni.Tutorial-3Tests";
				PRODUCT_NAME = "$(TARGET_NAME)";
				SWIFT_VERSION = 5.0;
				TARGETED_DEVICE_FAMILY = "1,2";
				TEST_HOST = "$(BUILT_PRODUCTS_DIR)/Tutorial 3.app/Tutorial 3";
			};
			name = Debug;
		};
		5423EB2723E069210056AE8B /* Release */ = {
			isa = XCBuildConfiguration;
			buildSettings = {
				ALWAYS_EMBED_SWIFT_STANDARD_LIBRARIES = YES;
				BUNDLE_LOADER = "$(TEST_HOST)";
				CODE_SIGN_STYLE = Automatic;
				INFOPLIST_FILE = "Tutorial 3Tests/Info.plist";
				IPHONEOS_DEPLOYMENT_TARGET = 13.2;
				LD_RUNPATH_SEARCH_PATHS = (
					"$(inherited)",
					"@executable_path/Frameworks",
					"@loader_path/Frameworks",
				);
				PRODUCT_BUNDLE_IDENTIFIER = "uni.Tutorial-3Tests";
				PRODUCT_NAME = "$(TARGET_NAME)";
				SWIFT_VERSION = 5.0;
				TARGETED_DEVICE_FAMILY = "1,2";
				TEST_HOST = "$(BUILT_PRODUCTS_DIR)/Tutorial 3.app/Tutorial 3";
			};
			name = Release;
		};
		5423EB2923E069210056AE8B /* Debug */ = {
			isa = XCBuildConfiguration;
			buildSettings = {
				ALWAYS_EMBED_SWIFT_STANDARD_LIBRARIES = YES;
				CODE_SIGN_STYLE = Automatic;
				INFOPLIST_FILE = "Tutorial 3UITests/Info.plist";
				LD_RUNPATH_SEARCH_PATHS = (
					"$(inherited)",
					"@executable_path/Frameworks",
					"@loader_path/Frameworks",
				);
				PRODUCT_BUNDLE_IDENTIFIER = "uni.Tutorial-3UITests";
				PRODUCT_NAME = "$(TARGET_NAME)";
				SWIFT_VERSION = 5.0;
				TARGETED_DEVICE_FAMILY = "1,2";
				TEST_TARGET_NAME = "Tutorial 3";
			};
			name = Debug;
		};
		5423EB2A23E069210056AE8B /* Release */ = {
			isa = XCBuildConfiguration;
			buildSettings = {
				ALWAYS_EMBED_SWIFT_STANDARD_LIBRARIES = YES;
				CODE_SIGN_STYLE = Automatic;
				INFOPLIST_FILE = "Tutorial 3UITests/Info.plist";
				LD_RUNPATH_SEARCH_PATHS = (
					"$(inherited)",
					"@executable_path/Frameworks",
					"@loader_path/Frameworks",
				);
				PRODUCT_BUNDLE_IDENTIFIER = "uni.Tutorial-3UITests";
				PRODUCT_NAME = "$(TARGET_NAME)";
				SWIFT_VERSION = 5.0;
				TARGETED_DEVICE_FAMILY = "1,2";
				TEST_TARGET_NAME = "Tutorial 3";
			};
			name = Release;
		};
/* End XCBuildConfiguration section */

/* Begin XCConfigurationList section */
		5423EAF023E069200056AE8B /* Build configuration list for PBXProject "Tutorial 3" */ = {
			isa = XCConfigurationList;
			buildConfigurations = (
				5423EB2023E069210056AE8B /* Debug */,
				5423EB2123E069210056AE8B /* Release */,
			);
			defaultConfigurationIsVisible = 0;
			defaultConfigurationName = Release;
		};
		5423EB2223E069210056AE8B /* Build configuration list for PBXNativeTarget "Tutorial 3" */ = {
			isa = XCConfigurationList;
			buildConfigurations = (
				5423EB2323E069210056AE8B /* Debug */,
				5423EB2423E069210056AE8B /* Release */,
			);
			defaultConfigurationIsVisible = 0;
			defaultConfigurationName = Release;
		};
		5423EB2523E069210056AE8B /* Build configuration list for PBXNativeTarget "Tutorial 3Tests" */ = {
			isa = XCConfigurationList;
			buildConfigurations = (
				5423EB2623E069210056AE8B /* Debug */,
				5423EB2723E069210056AE8B /* Release */,
			);
			defaultConfigurationIsVisible = 0;
			defaultConfigurationName = Release;
		};
		5423EB2823E069210056AE8B /* Build configuration list for PBXNativeTarget "Tutorial 3UITests" */ = {
			isa = XCConfigurationList;
			buildConfigurations = (
				5423EB2923E069210056AE8B /* Debug */,
				5423EB2A23E069210056AE8B /* Release */,
			);
			defaultConfigurationIsVisible = 0;
			defaultConfigurationName = Release;
		};
/* End XCConfigurationList section */

/* Begin XCVersionGroup section */
		5423EB0123E069200056AE8B /* Tutorial_3.xcdatamodeld */ = {
			isa = XCVersionGroup;
			children = (
				5423EB0223E069200056AE8B /* Tutorial_3.xcdatamodel */,
			);
			currentVersion = 5423EB0223E069200056AE8B /* Tutorial_3.xcdatamodel */;
			path = Tutorial_3.xcdatamodeld;
			sourceTree = "<group>";
			versionGroupType = wrapper.xcdatamodel;
		};
/* End XCVersionGroup section */
	};
	rootObject = 5423EAED23E069200056AE8B /* Project object */;
}
